{
  "name": "orchardcore.markdown",
  "version": "1.0.0",
  "lockfileVersion": 2,
  "requires": true,
  "packages": {
    "": {
      "name": "orchardcore.markdown",
      "version": "1.0.0",
      "dependencies": {
        "bootstrap": "4.6.0",
        "easymde": "2.18.0"
      }
    },
    "node_modules/@types/codemirror": {
      "version": "5.60.5",
      "resolved": "https://registry.npmjs.org/@types/codemirror/-/codemirror-5.60.5.tgz",
      "integrity": "sha512-TiECZmm8St5YxjFUp64LK0c8WU5bxMDt9YaAek1UqUb9swrSCoJhh92fWu1p3mTEqlHjhB5sY7OFBhWroJXZVg==",
      "dependencies": {
        "@types/tern": "*"
      }
    },
    "node_modules/@types/estree": {
      "version": "1.0.0",
      "resolved": "https://registry.npmjs.org/@types/estree/-/estree-1.0.0.tgz",
      "integrity": "sha512-WulqXMDUTYAXCjZnk6JtIHPigp55cVtDgDrO2gHRwhyJto21+1zbVCtOYB2L1F9w4qCQ0rOGWBnBe0FNTiEJIQ=="
    },
    "node_modules/@types/marked": {
      "version": "4.0.7",
      "resolved": "https://registry.npmjs.org/@types/marked/-/marked-4.0.7.tgz",
      "integrity": "sha512-eEAhnz21CwvKVW+YvRvcTuFKNU9CV1qH+opcgVK3pIMI6YZzDm6gc8o2vHjldFk6MGKt5pueSB7IOpvpx5Qekw=="
    },
    "node_modules/@types/tern": {
      "version": "0.23.4",
      "resolved": "https://registry.npmjs.org/@types/tern/-/tern-0.23.4.tgz",
      "integrity": "sha512-JAUw1iXGO1qaWwEOzxTKJZ/5JxVeON9kvGZ/osgZaJImBnyjyn0cjovPsf6FNLmyGY8Vw9DoXZCMlfMkMwHRWg==",
      "dependencies": {
        "@types/estree": "*"
      }
    },
    "node_modules/bootstrap": {
      "version": "4.6.0",
      "resolved": "https://registry.npmjs.org/bootstrap/-/bootstrap-4.6.0.tgz",
      "integrity": "sha512-Io55IuQY3kydzHtbGvQya3H+KorS/M9rSNyfCGCg9WZ4pyT/lCxIlpJgG1GXW/PswzC84Tr2fBYi+7+jFVQQBw=="
    },
    "node_modules/codemirror": {
      "version": "5.65.9",
      "resolved": "https://registry.npmjs.org/codemirror/-/codemirror-5.65.9.tgz",
      "integrity": "sha512-19Jox5sAKpusTDgqgKB5dawPpQcY+ipQK7xoEI+MVucEF9qqFaXpeqY1KaoyGBso/wHQoDa4HMMxMjdsS3Zzzw=="
    },
    "node_modules/codemirror-spell-checker": {
      "version": "1.1.2",
      "resolved": "https://registry.npmjs.org/codemirror-spell-checker/-/codemirror-spell-checker-1.1.2.tgz",
      "integrity": "sha1-HGYPkIlIPMtRE7m6nKGcP0mTNx4=",
      "dependencies": {
        "typo-js": "*"
      }
    },
    "node_modules/easymde": {
      "version": "2.18.0",
      "resolved": "https://registry.npmjs.org/easymde/-/easymde-2.18.0.tgz",
      "integrity": "sha512-IxVVUxNWIoXLeqtBU4BLc+eS/ScYhT1Dcb6yF5Wchoj1iXAV+TIIDWx+NCaZhY7RcSHqDPKllbYq7nwGKILnoA==",
      "dependencies": {
        "@types/codemirror": "^5.60.4",
        "@types/marked": "^4.0.7",
        "codemirror": "^5.63.1",
        "codemirror-spell-checker": "1.1.2",
        "marked": "^4.1.0"
      }
    },
    "node_modules/marked": {
      "version": "4.1.0",
      "resolved": "https://registry.npmjs.org/marked/-/marked-4.1.0.tgz",
      "integrity": "sha512-+Z6KDjSPa6/723PQYyc1axYZpYYpDnECDaU6hkaf5gqBieBkMKYReL5hteF2QizhlMbgbo8umXl/clZ67+GlsA==",
      "bin": {
        "marked": "bin/marked.js"
      },
      "engines": {
        "node": ">= 12"
      }
    },
    "node_modules/typo-js": {
      "version": "1.2.0",
      "resolved": "https://registry.npmjs.org/typo-js/-/typo-js-1.2.0.tgz",
      "integrity": "sha512-dELuLBVa2jvWdU/CHTKi2L/POYaRupv942k+vRsFXsM17acXesQGAiGCio82RW7fvcr7bkuD/Zj8XpUh6aPC2A=="
    }
  },
  "dependencies": {
    "@types/codemirror": {
      "version": "5.60.5",
      "resolved": "https://registry.npmjs.org/@types/codemirror/-/codemirror-5.60.5.tgz",
      "integrity": "sha512-TiECZmm8St5YxjFUp64LK0c8WU5bxMDt9YaAek1UqUb9swrSCoJhh92fWu1p3mTEqlHjhB5sY7OFBhWroJXZVg==",
      "requires": {
        "@types/tern": "*"
      }
    },
    "@types/estree": {
      "version": "1.0.0",
      "resolved": "https://registry.npmjs.org/@types/estree/-/estree-1.0.0.tgz",
      "integrity": "sha512-WulqXMDUTYAXCjZnk6JtIHPigp55cVtDgDrO2gHRwhyJto21+1zbVCtOYB2L1F9w4qCQ0rOGWBnBe0FNTiEJIQ=="
    },
    "@types/marked": {
      "version": "4.0.7",
      "resolved": "https://registry.npmjs.org/@types/marked/-/marked-4.0.7.tgz",
      "integrity": "sha512-eEAhnz21CwvKVW+YvRvcTuFKNU9CV1qH+opcgVK3pIMI6YZzDm6gc8o2vHjldFk6MGKt5pueSB7IOpvpx5Qekw=="
    },
    "@types/tern": {
      "version": "0.23.4",
      "resolved": "https://registry.npmjs.org/@types/tern/-/tern-0.23.4.tgz",
      "integrity": "sha512-JAUw1iXGO1qaWwEOzxTKJZ/5JxVeON9kvGZ/osgZaJImBnyjyn0cjovPsf6FNLmyGY8Vw9DoXZCMlfMkMwHRWg==",
      "requires": {
        "@types/estree": "*"
      }
    },
    "bootstrap": {
      "version": "4.6.0",
      "resolved": "https://registry.npmjs.org/bootstrap/-/bootstrap-4.6.0.tgz",
      "integrity": "sha512-Io55IuQY3kydzHtbGvQya3H+KorS/M9rSNyfCGCg9WZ4pyT/lCxIlpJgG1GXW/PswzC84Tr2fBYi+7+jFVQQBw=="
    },
    "codemirror": {
      "version": "5.65.9",
      "resolved": "https://registry.npmjs.org/codemirror/-/codemirror-5.65.9.tgz",
      "integrity": "sha512-19Jox5sAKpusTDgqgKB5dawPpQcY+ipQK7xoEI+MVucEF9qqFaXpeqY1KaoyGBso/wHQoDa4HMMxMjdsS3Zzzw=="
    },
    "codemirror-spell-checker": {
      "version": "1.1.2",
      "resolved": "https://registry.npmjs.org/codemirror-spell-checker/-/codemirror-spell-checker-1.1.2.tgz",
      "integrity": "sha1-HGYPkIlIPMtRE7m6nKGcP0mTNx4=",
      "requires": {
        "typo-js": "*"
      }
    },
    "easymde": {
      "version": "2.18.0",
      "resolved": "https://registry.npmjs.org/easymde/-/easymde-2.18.0.tgz",
      "integrity": "sha512-IxVVUxNWIoXLeqtBU4BLc+eS/ScYhT1Dcb6yF5Wchoj1iXAV+TIIDWx+NCaZhY7RcSHqDPKllbYq7nwGKILnoA==",
      "requires": {
        "@types/codemirror": "^5.60.4",
        "@types/marked": "^4.0.7",
        "codemirror": "^5.63.1",
        "codemirror-spell-checker": "1.1.2",
        "marked": "^4.1.0"
      }
    },
    "marked": {
      "version": "4.1.0",
      "resolved": "https://registry.npmjs.org/marked/-/marked-4.1.0.tgz",
      "integrity": "sha512-+Z6KDjSPa6/723PQYyc1axYZpYYpDnECDaU6hkaf5gqBieBkMKYReL5hteF2QizhlMbgbo8umXl/clZ67+GlsA=="
    },
    "typo-js": {
      "version": "1.2.0",
      "resolved": "https://registry.npmjs.org/typo-js/-/typo-js-1.2.0.tgz",
      "integrity": "sha512-dELuLBVa2jvWdU/CHTKi2L/POYaRupv942k+vRsFXsM17acXesQGAiGCio82RW7fvcr7bkuD/Zj8XpUh6aPC2A=="
    }
  }
}
